
Microsoft Visual Studio Solution File, Format Version 12.00
# Visual Studio 15
VisualStudioVersion = 15.0.28307.271
MinimumVisualStudioVersion = 10.0.40219.1
Project("{9A19103F-16F7-4668-BE54-9A1E7A4F7556}") = "curso.net", "ConsoleApp1\curso.net.csproj", "{614F1BEE-7106-4081-ACF0-3E31141913B8}"
EndProject
Project("{FAE04EC0-301F-11D3-BF4B-00C04F79EFBC}") = "UnitTestProject1", "UnitTestProject1\UnitTestProject1.csproj", "{7EFE043C-2220-4B06-AA49-43F5A0BE3704}"
EndProject
Global
	GlobalSection(SolutionConfigurationPlatforms) = preSolution
		Debug|Any CPU = Debug|Any CPU
		Release|Any CPU = Release|Any CPU
	EndGlobalSection
	GlobalSection(ProjectConfigurationPlatforms) = postSolution
		{614F1BEE-7106-4081-ACF0-3E31141913B8}.Debug|Any CPU.ActiveCfg = Debug|Any CPU
		{614F1BEE-7106-4081-ACF0-3E31141913B8}.Debug|Any CPU.Build.0 = Debug|Any CPU
		{614F1BEE-7106-4081-ACF0-3E31141913B8}.Release|Any CPU.ActiveCfg = Release|Any CPU
		{614F1BEE-7106-4081-ACF0-3E31141913B8}.Release|Any CPU.Build.0 = Release|Any CPU
		{7EFE043C-2220-4B06-AA49-43F5A0BE3704}.Debug|Any CPU.ActiveCfg = Debug|Any CPU
		{7EFE043C-2220-4B06-AA49-43F5A0BE3704}.Debug|Any CPU.Build.0 = Debug|Any CPU
		{7EFE043C-2220-4B06-AA49-43F5A0BE3704}.Release|Any CPU.ActiveCfg = Release|Any CPU
		{7EFE043C-2220-4B06-AA49-43F5A0BE3704}.Release|Any CPU.Build.0 = Release|Any CPU
	EndGlobalSection
	GlobalSection(SolutionProperties) = preSolution
		HideSolutionNode = FALSE
	EndGlobalSection
	GlobalSection(ExtensibilityGlobals) = postSolution
		SolutionGuid = {CB5AF5FC-3341-472C-89E9-8DCA86C9EAB0}
	EndGlobalSection
EndGlobal
